
Microsoft Visual Studio Solution File, Format Version 12.00
# Visual Studio Version 17
VisualStudioVersion = 17.8.34525.116
MinimumVisualStudioVersion = 10.0.40219.1
Project("{FAE04EC0-301F-11D3-BF4B-00C04F79EFBC}") = "Project", "Project.csproj", "{B9911258-02F7-4C9F-B32E-ABC439538BBA}"
EndProject
Global
	GlobalSection(SolutionConfigurationPlatforms) = preSolution
		Debug|Any CPU = Debug|Any CPU
		Release|Any CPU = Release|Any CPU
	EndGlobalSection
	GlobalSection(ProjectConfigurationPlatforms) = postSolution
		{B9911258-02F7-4C9F-B32E-ABC439538BBA}.Debug|Any CPU.ActiveCfg = Debug|Any CPU
		{B9911258-02F7-4C9F-B32E-ABC439538BBA}.Debug|Any CPU.Build.0 = Debug|Any CPU
		{B9911258-02F7-4C9F-B32E-ABC439538BBA}.Debug|Any CPU.Deploy.0 = Debug|Any CPU
		{B9911258-02F7-4C9F-B32E-ABC439538BBA}.Release|Any CPU.ActiveCfg = Release|Any CPU
		{B9911258-02F7-4C9F-B32E-ABC439538BBA}.Release|Any CPU.Build.0 = Release|Any CPU
		{B9911258-02F7-4C9F-B32E-ABC439538BBA}.Release|Any CPU.Deploy.0 = Release|Any CPU
	EndGlobalSection
	GlobalSection(SolutionProperties) = preSolution
		HideSolutionNode = FALSE
	EndGlobalSection
	GlobalSection(ExtensibilityGlobals) = postSolution
		SolutionGuid = {AAD148C7-1FA4-46BB-955F-34DE4F29D2E3}
	EndGlobalSection
EndGlobal
